
Microsoft Visual Studio Solution File, Format Version 12.00
# Visual Studio Version 16
VisualStudioVersion = 16.0.30611.23
MinimumVisualStudioVersion = 10.0.40219.1
Project("{FAE04EC0-301F-11D3-BF4B-00C04F79EFBC}") = "IndianStateCensusAnalyser", "IndianStateCensusAnalyser.csproj", "{D3CA25F0-4A6B-4D23-8409-F90A9250B6E8}"
EndProject
Global
	GlobalSection(SolutionConfigurationPlatforms) = preSolution
		Debug|Any CPU = Debug|Any CPU
		Release|Any CPU = Release|Any CPU
	EndGlobalSection
	GlobalSection(ProjectConfigurationPlatforms) = postSolution
		{D3CA25F0-4A6B-4D23-8409-F90A9250B6E8}.Debug|Any CPU.ActiveCfg = Debug|Any CPU
		{D3CA25F0-4A6B-4D23-8409-F90A9250B6E8}.Debug|Any CPU.Build.0 = Debug|Any CPU
		{D3CA25F0-4A6B-4D23-8409-F90A9250B6E8}.Release|Any CPU.ActiveCfg = Release|Any CPU
		{D3CA25F0-4A6B-4D23-8409-F90A9250B6E8}.Release|Any CPU.Build.0 = Release|Any CPU
	EndGlobalSection
	GlobalSection(SolutionProperties) = preSolution
		HideSolutionNode = FALSE
	EndGlobalSection
	GlobalSection(ExtensibilityGlobals) = postSolution
		SolutionGuid = {97F8E2F8-D034-46AB-9E7A-FDD270F6DBBE}
	EndGlobalSection
EndGlobal
